
Microsoft Visual Studio Solution File, Format Version 12.00
# Visual Studio Version 16
VisualStudioVersion = 16.0.29806.167
MinimumVisualStudioVersion = 10.0.40219.1
Project("{F2A71F9B-5D33-465A-A702-920D77279786}") = "ConsoleAudioPlayer", "ConsoleAudioPlayer\ConsoleAudioPlayer.fsproj", "{2D395477-78D8-4E1B-BE9F-628D536A84AA}"
EndProject
Global
	GlobalSection(SolutionConfigurationPlatforms) = preSolution
		Debug|Any CPU = Debug|Any CPU
		Release|Any CPU = Release|Any CPU
	EndGlobalSection
	GlobalSection(ProjectConfigurationPlatforms) = postSolution
		{2D395477-78D8-4E1B-BE9F-628D536A84AA}.Debug|Any CPU.ActiveCfg = Debug|Any CPU
		{2D395477-78D8-4E1B-BE9F-628D536A84AA}.Debug|Any CPU.Build.0 = Debug|Any CPU
		{2D395477-78D8-4E1B-BE9F-628D536A84AA}.Release|Any CPU.ActiveCfg = Release|Any CPU
		{2D395477-78D8-4E1B-BE9F-628D536A84AA}.Release|Any CPU.Build.0 = Release|Any CPU
	EndGlobalSection
	GlobalSection(SolutionProperties) = preSolution
		HideSolutionNode = FALSE
	EndGlobalSection
	GlobalSection(ExtensibilityGlobals) = postSolution
		SolutionGuid = {1E22AEC8-66B7-4887-ACC2-ED788B72DE68}
	EndGlobalSection
EndGlobal
